PODS:
  - arek/Bluetooth (1.2.0):
    - arek/Core
    - PMAlertController (= 2.1.0)
  - arek/Camera (1.2.0):
    - arek/Core
    - PMAlertController (= 2.1.0)
  - arek/CloudKit (1.2.0):
    - arek/Core
    - PMAlertController (= 2.1.0)
  - arek/Contacts (1.2.0):
    - arek/Core
    - PMAlertController (= 2.1.0)
  - arek/Core (1.2.0):
    - PMAlertController (= 2.1.0)
  - arek/Events (1.2.0):
    - arek/Core
    - PMAlertController (= 2.1.0)
  - arek/Health (1.2.0):
    - arek/Core
    - PMAlertController (= 2.1.0)
  - arek/Location (1.2.0):
    - arek/Core
    - PMAlertController (= 2.1.0)
  - arek/MediaLibrary (1.2.0):
    - arek/Core
    - PMAlertController (= 2.1.0)
  - arek/Microphone (1.2.0):
    - arek/Core
    - PMAlertController (= 2.1.0)
  - arek/Motion (1.2.0):
    - arek/Core
    - PMAlertController (= 2.1.0)
  - arek/Notifications (1.2.0):
    - arek/Core
    - PMAlertController (= 2.1.0)
  - arek/Photos (1.2.0):
    - arek/Core
    - PMAlertController (= 2.1.0)
  - arek/Reminders (1.2.0):
    - arek/Core
    - PMAlertController (= 2.1.0)
  - arek/SpeechRecognizer (1.2.0):
    - arek/Core
    - PMAlertController (= 2.1.0)
  - PMAlertController (2.1.0)

DEPENDENCIES:
  - arek/Bluetooth (from `../`)
  - arek/Camera (from `../`)
  - arek/CloudKit (from `../`)
  - arek/Contacts (from `../`)
  - arek/Core (from `../`)
  - arek/Events (from `../`)
  - arek/Health (from `../`)
  - arek/Location (from `../`)
  - arek/MediaLibrary (from `../`)
  - arek/Microphone (from `../`)
  - arek/Motion (from `../`)
  - arek/Notifications (from `../`)
  - arek/Photos (from `../`)
  - arek/Reminders (from `../`)
  - arek/SpeechRecognizer (from `../`)

EXTERNAL SOURCES:
  arek:
    :path: "../"

SPEC CHECKSUMS:
  arek: dc582aa3bacc2eab6740a8d86af7b93a340836c6
  PMAlertController: 2d2c19af12edb50753d636395f9456c8cde1e858

PODFILE CHECKSUM: 5523e34844ebe8e9ccba59d5ce821c585193cec1

COCOAPODS: 1.1.1
