// !$*UTF8*$!
{
	archiveVersion = 1;
	classes = {
	};
	objectVersion = 46;
	objects = {

/* Begin PBXBuildFile section */
		677BA476F9F9C7505A56DE00 /* Pods_arekTests.framework in Frameworks */ = {isa = PBXBuildFile; fileRef = 77F74C90251491BAF0DEDCEC /* Pods_arekTests.framework */; };
		79131719BE6006ED5C68DABF /* Pods_arek.framework in Frameworks */ = {isa = PBXBuildFile; fileRef = 472D531C16E9571D69F7B513 /* Pods_arek.framework */; };
		F583E3501DD1263C0021EC8F /* AppDelegate.swift in Sources */ = {isa = PBXBuildFile; fileRef = F583E34F1DD1263C0021EC8F /* AppDelegate.swift */; };
		F583E3571DD1263C0021EC8F /* Assets.xcassets in Resources */ = {isa = PBXBuildFile; fileRef = F583E3561DD1263C0021EC8F /* Assets.xcassets */; };
		F583E35A1DD1263C0021EC8F /* LaunchScreen.storyboard in Resources */ = {isa = PBXBuildFile; fileRef = F583E3581DD1263C0021EC8F /* LaunchScreen.storyboard */; };
		F583E3651DD1263C0021EC8F /* arekTests.swift in Sources */ = {isa = PBXBuildFile; fileRef = F583E3641DD1263C0021EC8F /* arekTests.swift */; };
		F583E3701DD1263C0021EC8F /* arekUITests.swift in Sources */ = {isa = PBXBuildFile; fileRef = F583E36F1DD1263C0021EC8F /* arekUITests.swift */; };
		F583E3801DD126A80021EC8F /* Arek.swift in Sources */ = {isa = PBXBuildFile; fileRef = F583E37F1DD126A80021EC8F /* Arek.swift */; };
		F583E38E1DD126CC0021EC8F /* ArekBaseEvent.swift in Sources */ = {isa = PBXBuildFile; fileRef = F583E3831DD126CC0021EC8F /* ArekBaseEvent.swift */; };
		F583E38F1DD126CC0021EC8F /* ArekBaseLocation.swift in Sources */ = {isa = PBXBuildFile; fileRef = F583E3841DD126CC0021EC8F /* ArekBaseLocation.swift */; };
		F583E3901DD126CC0021EC8F /* ArekCamera.swift in Sources */ = {isa = PBXBuildFile; fileRef = F583E3851DD126CC0021EC8F /* ArekCamera.swift */; };
		F583E3911DD126CC0021EC8F /* ArekContacts.swift in Sources */ = {isa = PBXBuildFile; fileRef = F583E3861DD126CC0021EC8F /* ArekContacts.swift */; };
		F583E3921DD126CC0021EC8F /* ArekEvent.swift in Sources */ = {isa = PBXBuildFile; fileRef = F583E3871DD126CC0021EC8F /* ArekEvent.swift */; };
		F583E3931DD126CC0021EC8F /* ArekHealth.swift in Sources */ = {isa = PBXBuildFile; fileRef = F583E3881DD126CC0021EC8F /* ArekHealth.swift */; };
		F583E3941DD126CC0021EC8F /* ArekLocationAlways.swift in Sources */ = {isa = PBXBuildFile; fileRef = F583E3891DD126CC0021EC8F /* ArekLocationAlways.swift */; };
		F583E3951DD126CC0021EC8F /* ArekLocationWhenInUse.swift in Sources */ = {isa = PBXBuildFile; fileRef = F583E38A1DD126CC0021EC8F /* ArekLocationWhenInUse.swift */; };
		F583E3961DD126CC0021EC8F /* ArekMicrophone.swift in Sources */ = {isa = PBXBuildFile; fileRef = F583E38B1DD126CC0021EC8F /* ArekMicrophone.swift */; };
		F583E3971DD126CC0021EC8F /* ArekPhoto.swift in Sources */ = {isa = PBXBuildFile; fileRef = F583E38C1DD126CC0021EC8F /* ArekPhoto.swift */; };
		F583E3981DD126CC0021EC8F /* ArekReminder.swift in Sources */ = {isa = PBXBuildFile; fileRef = F583E38D1DD126CC0021EC8F /* ArekReminder.swift */; };
		F583E39E1DD126DE0021EC8F /* ArekConfiguration.swift in Sources */ = {isa = PBXBuildFile; fileRef = F583E39A1DD126DE0021EC8F /* ArekConfiguration.swift */; };
		F583E39F1DD126DE0021EC8F /* ArekPermissionFrequency.swift in Sources */ = {isa = PBXBuildFile; fileRef = F583E39B1DD126DE0021EC8F /* ArekPermissionFrequency.swift */; };
		F583E3A01DD126DE0021EC8F /* ArekPermissionStatus.swift in Sources */ = {isa = PBXBuildFile; fileRef = F583E39C1DD126DE0021EC8F /* ArekPermissionStatus.swift */; };
		F583E3A11DD126DE0021EC8F /* ArekPopupData.swift in Sources */ = {isa = PBXBuildFile; fileRef = F583E39D1DD126DE0021EC8F /* ArekPopupData.swift */; };
		F583E3A31DD126ED0021EC8F /* DemoViewController.swift in Sources */ = {isa = PBXBuildFile; fileRef = F583E3A21DD126ED0021EC8F /* DemoViewController.swift */; };
		F583E3A51DD127ED0021EC8F /* DemoViewController+Table.swift in Sources */ = {isa = PBXBuildFile; fileRef = F583E3A41DD127ED0021EC8F /* DemoViewController+Table.swift */; };
		F5BC25301DD1CFDD00408F2F /* ArekNotifications.swift in Sources */ = {isa = PBXBuildFile; fileRef = F5BC252F1DD1CFDD00408F2F /* ArekNotifications.swift */; };
		F5DAC66F1DD4DAD200A9F27B /* ArekBaseLocationDelegate.swift in Sources */ = {isa = PBXBuildFile; fileRef = F5DAC66E1DD4DAD200A9F27B /* ArekBaseLocationDelegate.swift */; };
/* End PBXBuildFile section */

/* Begin PBXContainerItemProxy section */
		F583E3611DD1263C0021EC8F /* PBXContainerItemProxy */ = {
			isa = PBXContainerItemProxy;
			containerPortal = F583E3441DD1263C0021EC8F /* Project object */;
			proxyType = 1;
			remoteGlobalIDString = F583E34B1DD1263C0021EC8F;
			remoteInfo = arek;
		};
		F583E36C1DD1263C0021EC8F /* PBXContainerItemProxy */ = {
			isa = PBXContainerItemProxy;
			containerPortal = F583E3441DD1263C0021EC8F /* Project object */;
			proxyType = 1;
			remoteGlobalIDString = F583E34B1DD1263C0021EC8F;
			remoteInfo = arek;
		};
/* End PBXContainerItemProxy section */

/* Begin PBXFileReference section */
		292BC92063C8E2E3F9946B2D /* Pods-arekTests.release.xcconfig */ = {isa = PBXFileReference; includeInIndex = 1; lastKnownFileType = text.xcconfig; name = "Pods-arekTests.release.xcconfig"; path = "Pods/Target Support Files/Pods-arekTests/Pods-arekTests.release.xcconfig"; sourceTree = "<group>"; };
		472D531C16E9571D69F7B513 /* Pods_arek.framework */ = {isa = PBXFileReference; explicitFileType = wrapper.framework; includeInIndex = 0; path = Pods_arek.framework; sourceTree = BUILT_PRODUCTS_DIR; };
		5E0C1984F239ED0DD51CB1FD /* Pods-arek.release.xcconfig */ = {isa = PBXFileReference; includeInIndex = 1; lastKnownFileType = text.xcconfig; name = "Pods-arek.release.xcconfig"; path = "Pods/Target Support Files/Pods-arek/Pods-arek.release.xcconfig"; sourceTree = "<group>"; };
		77F74C90251491BAF0DEDCEC /* Pods_arekTests.framework */ = {isa = PBXFileReference; explicitFileType = wrapper.framework; includeInIndex = 0; path = Pods_arekTests.framework; sourceTree = BUILT_PRODUCTS_DIR; };
		F583E34C1DD1263C0021EC8F /* arek.app */ = {isa = PBXFileReference; explicitFileType = wrapper.application; includeInIndex = 0; path = arek.app; sourceTree = BUILT_PRODUCTS_DIR; };
		F583E34F1DD1263C0021EC8F /* AppDelegate.swift */ = {isa = PBXFileReference; lastKnownFileType = sourcecode.swift; path = AppDelegate.swift; sourceTree = "<group>"; };
		F583E3561DD1263C0021EC8F /* Assets.xcassets */ = {isa = PBXFileReference; lastKnownFileType = folder.assetcatalog; path = Assets.xcassets; sourceTree = "<group>"; };
		F583E3591DD1263C0021EC8F /* Base */ = {isa = PBXFileReference; lastKnownFileType = file.storyboard; name = Base; path = Base.lproj/LaunchScreen.storyboard; sourceTree = "<group>"; };
		F583E35B1DD1263C0021EC8F /* Info.plist */ = {isa = PBXFileReference; lastKnownFileType = text.plist.xml; path = Info.plist; sourceTree = "<group>"; };
		F583E3601DD1263C0021EC8F /* arekTests.xctest */ = {isa = PBXFileReference; explicitFileType = wrapper.cfbundle; includeInIndex = 0; path = arekTests.xctest; sourceTree = BUILT_PRODUCTS_DIR; };
		F583E3641DD1263C0021EC8F /* arekTests.swift */ = {isa = PBXFileReference; lastKnownFileType = sourcecode.swift; path = arekTests.swift; sourceTree = "<group>"; };
		F583E3661DD1263C0021EC8F /* Info.plist */ = {isa = PBXFileReference; lastKnownFileType = text.plist.xml; path = Info.plist; sourceTree = "<group>"; };
		F583E36B1DD1263C0021EC8F /* arekUITests.xctest */ = {isa = PBXFileReference; explicitFileType = wrapper.cfbundle; includeInIndex = 0; path = arekUITests.xctest; sourceTree = BUILT_PRODUCTS_DIR; };
		F583E36F1DD1263C0021EC8F /* arekUITests.swift */ = {isa = PBXFileReference; lastKnownFileType = sourcecode.swift; path = arekUITests.swift; sourceTree = "<group>"; };
		F583E3711DD1263C0021EC8F /* Info.plist */ = {isa = PBXFileReference; lastKnownFileType = text.plist.xml; path = Info.plist; sourceTree = "<group>"; };
		F583E37F1DD126A80021EC8F /* Arek.swift */ = {isa = PBXFileReference; fileEncoding = 4; lastKnownFileType = sourcecode.swift; name = Arek.swift; path = Arek/Arek.swift; sourceTree = "<group>"; };
		F583E3831DD126CC0021EC8F /* ArekBaseEvent.swift */ = {isa = PBXFileReference; fileEncoding = 4; lastKnownFileType = sourcecode.swift; name = ArekBaseEvent.swift; path = Arek/Permissions/ArekBaseEvent.swift; sourceTree = "<group>"; };
		F583E3841DD126CC0021EC8F /* ArekBaseLocation.swift */ = {isa = PBXFileReference; fileEncoding = 4; lastKnownFileType = sourcecode.swift; name = ArekBaseLocation.swift; path = Arek/Permissions/ArekBaseLocation.swift; sourceTree = "<group>"; };
		F583E3851DD126CC0021EC8F /* ArekCamera.swift */ = {isa = PBXFileReference; fileEncoding = 4; lastKnownFileType = sourcecode.swift; name = ArekCamera.swift; path = Arek/Permissions/ArekCamera.swift; sourceTree = "<group>"; };
		F583E3861DD126CC0021EC8F /* ArekContacts.swift */ = {isa = PBXFileReference; fileEncoding = 4; lastKnownFileType = sourcecode.swift; name = ArekContacts.swift; path = Arek/Permissions/ArekContacts.swift; sourceTree = "<group>"; };
		F583E3871DD126CC0021EC8F /* ArekEvent.swift */ = {isa = PBXFileReference; fileEncoding = 4; lastKnownFileType = sourcecode.swift; name = ArekEvent.swift; path = Arek/Permissions/ArekEvent.swift; sourceTree = "<group>"; };
		F583E3881DD126CC0021EC8F /* ArekHealth.swift */ = {isa = PBXFileReference; fileEncoding = 4; lastKnownFileType = sourcecode.swift; name = ArekHealth.swift; path = Arek/Permissions/ArekHealth.swift; sourceTree = "<group>"; };
		F583E3891DD126CC0021EC8F /* ArekLocationAlways.swift */ = {isa = PBXFileReference; fileEncoding = 4; lastKnownFileType = sourcecode.swift; name = ArekLocationAlways.swift; path = Arek/Permissions/ArekLocationAlways.swift; sourceTree = "<group>"; };
		F583E38A1DD126CC0021EC8F /* ArekLocationWhenInUse.swift */ = {isa = PBXFileReference; fileEncoding = 4; lastKnownFileType = sourcecode.swift; name = ArekLocationWhenInUse.swift; path = Arek/Permissions/ArekLocationWhenInUse.swift; sourceTree = "<group>"; };
		F583E38B1DD126CC0021EC8F /* ArekMicrophone.swift */ = {isa = PBXFileReference; fileEncoding = 4; lastKnownFileType = sourcecode.swift; name = ArekMicrophone.swift; path = Arek/Permissions/ArekMicrophone.swift; sourceTree = "<group>"; };
		F583E38C1DD126CC0021EC8F /* ArekPhoto.swift */ = {isa = PBXFileReference; fileEncoding = 4; lastKnownFileType = sourcecode.swift; name = ArekPhoto.swift; path = Arek/Permissions/ArekPhoto.swift; sourceTree = "<group>"; };
		F583E38D1DD126CC0021EC8F /* ArekReminder.swift */ = {isa = PBXFileReference; fileEncoding = 4; lastKnownFileType = sourcecode.swift; name = ArekReminder.swift; path = Arek/Permissions/ArekReminder.swift; sourceTree = "<group>"; };
		F583E39A1DD126DE0021EC8F /* ArekConfiguration.swift */ = {isa = PBXFileReference; fileEncoding = 4; lastKnownFileType = sourcecode.swift; name = ArekConfiguration.swift; path = Arek/Utilities/ArekConfiguration.swift; sourceTree = "<group>"; };
		F583E39B1DD126DE0021EC8F /* ArekPermissionFrequency.swift */ = {isa = PBXFileReference; fileEncoding = 4; lastKnownFileType = sourcecode.swift; name = ArekPermissionFrequency.swift; path = Arek/Utilities/ArekPermissionFrequency.swift; sourceTree = "<group>"; };
		F583E39C1DD126DE0021EC8F /* ArekPermissionStatus.swift */ = {isa = PBXFileReference; fileEncoding = 4; lastKnownFileType = sourcecode.swift; name = ArekPermissionStatus.swift; path = Arek/Utilities/ArekPermissionStatus.swift; sourceTree = "<group>"; };
		F583E39D1DD126DE0021EC8F /* ArekPopupData.swift */ = {isa = PBXFileReference; fileEncoding = 4; lastKnownFileType = sourcecode.swift; name = ArekPopupData.swift; path = Arek/Utilities/ArekPopupData.swift; sourceTree = "<group>"; };
		F583E3A21DD126ED0021EC8F /* DemoViewController.swift */ = {isa = PBXFileReference; fileEncoding = 4; lastKnownFileType = sourcecode.swift; name = DemoViewController.swift; path = DemoCode/DemoViewController.swift; sourceTree = "<group>"; };
		F583E3A41DD127ED0021EC8F /* DemoViewController+Table.swift */ = {isa = PBXFileReference; fileEncoding = 4; lastKnownFileType = sourcecode.swift; name = "DemoViewController+Table.swift"; path = "DemoCode/DemoViewController+Table.swift"; sourceTree = "<group>"; };
		F5BC252F1DD1CFDD00408F2F /* ArekNotifications.swift */ = {isa = PBXFileReference; fileEncoding = 4; lastKnownFileType = sourcecode.swift; name = ArekNotifications.swift; path = Arek/Permissions/ArekNotifications.swift; sourceTree = "<group>"; };
		F5DAC66E1DD4DAD200A9F27B /* ArekBaseLocationDelegate.swift */ = {isa = PBXFileReference; fileEncoding = 4; lastKnownFileType = sourcecode.swift; name = ArekBaseLocationDelegate.swift; path = Arek/Utilities/ArekBaseLocationDelegate.swift; sourceTree = "<group>"; };
		FBCEC4DEA08CA231DB8D7359 /* Pods-arekTests.debug.xcconfig */ = {isa = PBXFileReference; includeInIndex = 1; lastKnownFileType = text.xcconfig; name = "Pods-arekTests.debug.xcconfig"; path = "Pods/Target Support Files/Pods-arekTests/Pods-arekTests.debug.xcconfig"; sourceTree = "<group>"; };
		FC18F7835191876242871760 /* Pods-arek.debug.xcconfig */ = {isa = PBXFileReference; includeInIndex = 1; lastKnownFileType = text.xcconfig; name = "Pods-arek.debug.xcconfig"; path = "Pods/Target Support Files/Pods-arek/Pods-arek.debug.xcconfig"; sourceTree = "<group>"; };
/* End PBXFileReference section */

/* Begin PBXFrameworksBuildPhase section */
		F583E3491DD1263C0021EC8F /* Frameworks */ = {
			isa = PBXFrameworksBuildPhase;
			buildActionMask = 2147483647;
			files = (
				79131719BE6006ED5C68DABF /* Pods_arek.framework in Frameworks */,
			);
			runOnlyForDeploymentPostprocessing = 0;
		};
		F583E35D1DD1263C0021EC8F /* Frameworks */ = {
			isa = PBXFrameworksBuildPhase;
			buildActionMask = 2147483647;
			files = (
				677BA476F9F9C7505A56DE00 /* Pods_arekTests.framework in Frameworks */,
			);
			runOnlyForDeploymentPostprocessing = 0;
		};
		F583E3681DD1263C0021EC8F /* Frameworks */ = {
			isa = PBXFrameworksBuildPhase;
			buildActionMask = 2147483647;
			files = (
			);
			runOnlyForDeploymentPostprocessing = 0;
		};
/* End PBXFrameworksBuildPhase section */

/* Begin PBXGroup section */
		51F183B435856C67B3C35F2D /* Pods */ = {
			isa = PBXGroup;
			children = (
				FC18F7835191876242871760 /* Pods-arek.debug.xcconfig */,
				5E0C1984F239ED0DD51CB1FD /* Pods-arek.release.xcconfig */,
				FBCEC4DEA08CA231DB8D7359 /* Pods-arekTests.debug.xcconfig */,
				292BC92063C8E2E3F9946B2D /* Pods-arekTests.release.xcconfig */,
			);
			name = Pods;
			sourceTree = "<group>";
		};
		DD7C7F9F74508DF2B3F92AF1 /* Frameworks */ = {
			isa = PBXGroup;
			children = (
				472D531C16E9571D69F7B513 /* Pods_arek.framework */,
				77F74C90251491BAF0DEDCEC /* Pods_arekTests.framework */,
			);
			name = Frameworks;
			sourceTree = "<group>";
		};
		F583E3431DD1263C0021EC8F = {
			isa = PBXGroup;
			children = (
				F583E34E1DD1263C0021EC8F /* arek */,
				F583E3631DD1263C0021EC8F /* arekTests */,
				F583E36E1DD1263C0021EC8F /* arekUITests */,
				F583E34D1DD1263C0021EC8F /* Products */,
				51F183B435856C67B3C35F2D /* Pods */,
				DD7C7F9F74508DF2B3F92AF1 /* Frameworks */,
			);
			sourceTree = "<group>";
		};
		F583E34D1DD1263C0021EC8F /* Products */ = {
			isa = PBXGroup;
			children = (
				F583E34C1DD1263C0021EC8F /* arek.app */,
				F583E3601DD1263C0021EC8F /* arekTests.xctest */,
				F583E36B1DD1263C0021EC8F /* arekUITests.xctest */,
			);
			name = Products;
			sourceTree = "<group>";
		};
		F583E34E1DD1263C0021EC8F /* arek */ = {
			isa = PBXGroup;
			children = (
				F583E37E1DD1269E0021EC8F /* Arek */,
				F583E37D1DD126980021EC8F /* DemoCode */,
				F583E34F1DD1263C0021EC8F /* AppDelegate.swift */,
				F583E3561DD1263C0021EC8F /* Assets.xcassets */,
				F583E3581DD1263C0021EC8F /* LaunchScreen.storyboard */,
				F583E35B1DD1263C0021EC8F /* Info.plist */,
			);
			path = arek;
			sourceTree = "<group>";
		};
		F583E3631DD1263C0021EC8F /* arekTests */ = {
			isa = PBXGroup;
			children = (
				F583E3641DD1263C0021EC8F /* arekTests.swift */,
				F583E3661DD1263C0021EC8F /* Info.plist */,
			);
			path = arekTests;
			sourceTree = "<group>";
		};
		F583E36E1DD1263C0021EC8F /* arekUITests */ = {
			isa = PBXGroup;
			children = (
				F583E36F1DD1263C0021EC8F /* arekUITests.swift */,
				F583E3711DD1263C0021EC8F /* Info.plist */,
			);
			path = arekUITests;
			sourceTree = "<group>";
		};
		F583E37D1DD126980021EC8F /* DemoCode */ = {
			isa = PBXGroup;
			children = (
				F583E3A21DD126ED0021EC8F /* DemoViewController.swift */,
				F583E3A41DD127ED0021EC8F /* DemoViewController+Table.swift */,
			);
			name = DemoCode;
			sourceTree = "<group>";
		};
		F583E37E1DD1269E0021EC8F /* Arek */ = {
			isa = PBXGroup;
			children = (
				F583E37F1DD126A80021EC8F /* Arek.swift */,
				F583E3821DD126C00021EC8F /* Permissions */,
				F583E3991DD126CF0021EC8F /* Utilities */,
			);
			name = Arek;
			sourceTree = "<group>";
		};
		F583E3821DD126C00021EC8F /* Permissions */ = {
			isa = PBXGroup;
			children = (
				F583E3831DD126CC0021EC8F /* ArekBaseEvent.swift */,
				F583E3841DD126CC0021EC8F /* ArekBaseLocation.swift */,
				F583E3851DD126CC0021EC8F /* ArekCamera.swift */,
				F583E3861DD126CC0021EC8F /* ArekContacts.swift */,
				F583E3871DD126CC0021EC8F /* ArekEvent.swift */,
				F583E3881DD126CC0021EC8F /* ArekHealth.swift */,
				F583E3891DD126CC0021EC8F /* ArekLocationAlways.swift */,
				F583E38A1DD126CC0021EC8F /* ArekLocationWhenInUse.swift */,
				F583E38B1DD126CC0021EC8F /* ArekMicrophone.swift */,
				F583E38C1DD126CC0021EC8F /* ArekPhoto.swift */,
				F583E38D1DD126CC0021EC8F /* ArekReminder.swift */,
				F5BC252F1DD1CFDD00408F2F /* ArekNotifications.swift */,
			);
			name = Permissions;
			sourceTree = "<group>";
		};
		F583E3991DD126CF0021EC8F /* Utilities */ = {
			isa = PBXGroup;
			children = (
				F5DAC66E1DD4DAD200A9F27B /* ArekBaseLocationDelegate.swift */,
				F583E39A1DD126DE0021EC8F /* ArekConfiguration.swift */,
				F583E39B1DD126DE0021EC8F /* ArekPermissionFrequency.swift */,
				F583E39C1DD126DE0021EC8F /* ArekPermissionStatus.swift */,
				F583E39D1DD126DE0021EC8F /* ArekPopupData.swift */,
			);
			name = Utilities;
			sourceTree = "<group>";
		};
/* End PBXGroup section */

/* Begin PBXNativeTarget section */
		F583E34B1DD1263C0021EC8F /* arek */ = {
			isa = PBXNativeTarget;
			buildConfigurationList = F583E3741DD1263C0021EC8F /* Build configuration list for PBXNativeTarget "arek" */;
			buildPhases = (
				18C4E745E2FA2E7CE9EB8BEE /* [CP] Check Pods Manifest.lock */,
				F583E3481DD1263C0021EC8F /* Sources */,
				F583E3491DD1263C0021EC8F /* Frameworks */,
				F583E34A1DD1263C0021EC8F /* Resources */,
				3C17889B41E1935AC671712B /* [CP] Embed Pods Frameworks */,
				B7E09B023A9F4B7E2C1A4214 /* [CP] Copy Pods Resources */,
			);
			buildRules = (
			);
			dependencies = (
			);
			name = arek;
			productName = arek;
			productReference = F583E34C1DD1263C0021EC8F /* arek.app */;
			productType = "com.apple.product-type.application";
		};
		F583E35F1DD1263C0021EC8F /* arekTests */ = {
			isa = PBXNativeTarget;
			buildConfigurationList = F583E3771DD1263C0021EC8F /* Build configuration list for PBXNativeTarget "arekTests" */;
			buildPhases = (
				E78AB93E9FC3D865F3D8F80C /* [CP] Check Pods Manifest.lock */,
				F583E35C1DD1263C0021EC8F /* Sources */,
				F583E35D1DD1263C0021EC8F /* Frameworks */,
				F583E35E1DD1263C0021EC8F /* Resources */,
				D4029D3F24B4C200703DC50C /* [CP] Embed Pods Frameworks */,
				C72DEB4BD6ADCDB0EEADCC77 /* [CP] Copy Pods Resources */,
			);
			buildRules = (
			);
			dependencies = (
				F583E3621DD1263C0021EC8F /* PBXTargetDependency */,
			);
			name = arekTests;
			productName = arekTests;
			productReference = F583E3601DD1263C0021EC8F /* arekTests.xctest */;
			productType = "com.apple.product-type.bundle.unit-test";
		};
		F583E36A1DD1263C0021EC8F /* arekUITests */ = {
			isa = PBXNativeTarget;
			buildConfigurationList = F583E37A1DD1263C0021EC8F /* Build configuration list for PBXNativeTarget "arekUITests" */;
			buildPhases = (
				F583E3671DD1263C0021EC8F /* Sources */,
				F583E3681DD1263C0021EC8F /* Frameworks */,
				F583E3691DD1263C0021EC8F /* Resources */,
			);
			buildRules = (
			);
			dependencies = (
				F583E36D1DD1263C0021EC8F /* PBXTargetDependency */,
			);
			name = arekUITests;
			productName = arekUITests;
			productReference = F583E36B1DD1263C0021EC8F /* arekUITests.xctest */;
			productType = "com.apple.product-type.bundle.ui-testing";
		};
/* End PBXNativeTarget section */

/* Begin PBXProject section */
		F583E3441DD1263C0021EC8F /* Project object */ = {
			isa = PBXProject;
			attributes = {
				LastSwiftUpdateCheck = 0800;
				LastUpgradeCheck = 0800;
				ORGANIZATIONNAME = ennioma;
				TargetAttributes = {
					F583E34B1DD1263C0021EC8F = {
						CreatedOnToolsVersion = 8.0;
						ProvisioningStyle = Automatic;
					};
					F583E35F1DD1263C0021EC8F = {
						CreatedOnToolsVersion = 8.0;
						ProvisioningStyle = Automatic;
						TestTargetID = F583E34B1DD1263C0021EC8F;
					};
					F583E36A1DD1263C0021EC8F = {
						CreatedOnToolsVersion = 8.0;
						ProvisioningStyle = Automatic;
						TestTargetID = F583E34B1DD1263C0021EC8F;
					};
				};
			};
			buildConfigurationList = F583E3471DD1263C0021EC8F /* Build configuration list for PBXProject "arek" */;
			compatibilityVersion = "Xcode 3.2";
			developmentRegion = English;
			hasScannedForEncodings = 0;
			knownRegions = (
				en,
				Base,
			);
			mainGroup = F583E3431DD1263C0021EC8F;
			productRefGroup = F583E34D1DD1263C0021EC8F /* Products */;
			projectDirPath = "";
			projectRoot = "";
			targets = (
				F583E34B1DD1263C0021EC8F /* arek */,
				F583E35F1DD1263C0021EC8F /* arekTests */,
				F583E36A1DD1263C0021EC8F /* arekUITests */,
			);
		};
/* End PBXProject section */

/* Begin PBXResourcesBuildPhase section */
		F583E34A1DD1263C0021EC8F /* Resources */ = {
			isa = PBXResourcesBuildPhase;
			buildActionMask = 2147483647;
			files = (
				F583E35A1DD1263C0021EC8F /* LaunchScreen.storyboard in Resources */,
				F583E3571DD1263C0021EC8F /* Assets.xcassets in Resources */,
			);
			runOnlyForDeploymentPostprocessing = 0;
		};
		F583E35E1DD1263C0021EC8F /* Resources */ = {
			isa = PBXResourcesBuildPhase;
			buildActionMask = 2147483647;
			files = (
			);
			runOnlyForDeploymentPostprocessing = 0;
		};
		F583E3691DD1263C0021EC8F /* Resources */ = {
			isa = PBXResourcesBuildPhase;
			buildActionMask = 2147483647;
			files = (
			);
			runOnlyForDeploymentPostprocessing = 0;
		};
/* End PBXResourcesBuildPhase section */

/* Begin PBXShellScriptBuildPhase section */
		18C4E745E2FA2E7CE9EB8BEE /* [CP] Check Pods Manifest.lock */ = {
			isa = PBXShellScriptBuildPhase;
			buildActionMask = 2147483647;
			files = (
			);
			inputPaths = (
			);
			name = "[CP] Check Pods Manifest.lock";
			outputPaths = (
			);
			runOnlyForDeploymentPostprocessing = 0;
			shellPath = /bin/sh;
			shellScript = "diff \"${PODS_ROOT}/../Podfile.lock\" \"${PODS_ROOT}/Manifest.lock\" > /dev/null\nif [ $? != 0 ] ; then\n    # print error to STDERR\n    echo \"error: The sandbox is not in sync with the Podfile.lock. Run 'pod install' or update your CocoaPods installation.\" >&2\n    exit 1\nfi\n";
			showEnvVarsInLog = 0;
		};
		3C17889B41E1935AC671712B /* [CP] Embed Pods Frameworks */ = {
			isa = PBXShellScriptBuildPhase;
			buildActionMask = 2147483647;
			files = (
			);
			inputPaths = (
			);
			name = "[CP] Embed Pods Frameworks";
			outputPaths = (
			);
			runOnlyForDeploymentPostprocessing = 0;
			shellPath = /bin/sh;
			shellScript = "\"${SRCROOT}/Pods/Target Support Files/Pods-arek/Pods-arek-frameworks.sh\"\n";
			showEnvVarsInLog = 0;
		};
		B7E09B023A9F4B7E2C1A4214 /* [CP] Copy Pods Resources */ = {
			isa = PBXShellScriptBuildPhase;
			buildActionMask = 2147483647;
			files = (
			);
			inputPaths = (
			);
			name = "[CP] Copy Pods Resources";
			outputPaths = (
			);
			runOnlyForDeploymentPostprocessing = 0;
			shellPath = /bin/sh;
			shellScript = "\"${SRCROOT}/Pods/Target Support Files/Pods-arek/Pods-arek-resources.sh\"\n";
			showEnvVarsInLog = 0;
		};
		C72DEB4BD6ADCDB0EEADCC77 /* [CP] Copy Pods Resources */ = {
			isa = PBXShellScriptBuildPhase;
			buildActionMask = 2147483647;
			files = (
			);
			inputPaths = (
			);
			name = "[CP] Copy Pods Resources";
			outputPaths = (
			);
			runOnlyForDeploymentPostprocessing = 0;
			shellPath = /bin/sh;
			shellScript = "\"${SRCROOT}/Pods/Target Support Files/Pods-arekTests/Pods-arekTests-resources.sh\"\n";
			showEnvVarsInLog = 0;
		};
		D4029D3F24B4C200703DC50C /* [CP] Embed Pods Frameworks */ = {
			isa = PBXShellScriptBuildPhase;
			buildActionMask = 2147483647;
			files = (
			);
			inputPaths = (
			);
			name = "[CP] Embed Pods Frameworks";
			outputPaths = (
			);
			runOnlyForDeploymentPostprocessing = 0;
			shellPath = /bin/sh;
			shellScript = "\"${SRCROOT}/Pods/Target Support Files/Pods-arekTests/Pods-arekTests-frameworks.sh\"\n";
			showEnvVarsInLog = 0;
		};
		E78AB93E9FC3D865F3D8F80C /* [CP] Check Pods Manifest.lock */ = {
			isa = PBXShellScriptBuildPhase;
			buildActionMask = 2147483647;
			files = (
			);
			inputPaths = (
			);
			name = "[CP] Check Pods Manifest.lock";
			outputPaths = (
			);
			runOnlyForDeploymentPostprocessing = 0;
			shellPath = /bin/sh;
			shellScript = "diff \"${PODS_ROOT}/../Podfile.lock\" \"${PODS_ROOT}/Manifest.lock\" > /dev/null\nif [ $? != 0 ] ; then\n    # print error to STDERR\n    echo \"error: The sandbox is not in sync with the Podfile.lock. Run 'pod install' or update your CocoaPods installation.\" >&2\n    exit 1\nfi\n";
			showEnvVarsInLog = 0;
		};
/* End PBXShellScriptBuildPhase section */

/* Begin PBXSourcesBuildPhase section */
		F583E3481DD1263C0021EC8F /* Sources */ = {
			isa = PBXSourcesBuildPhase;
			buildActionMask = 2147483647;
			files = (
				F583E3941DD126CC0021EC8F /* ArekLocationAlways.swift in Sources */,
				F583E39E1DD126DE0021EC8F /* ArekConfiguration.swift in Sources */,
				F583E38F1DD126CC0021EC8F /* ArekBaseLocation.swift in Sources */,
				F583E3A31DD126ED0021EC8F /* DemoViewController.swift in Sources */,
				F583E3911DD126CC0021EC8F /* ArekContacts.swift in Sources */,
				F583E3801DD126A80021EC8F /* Arek.swift in Sources */,
				F583E3A01DD126DE0021EC8F /* ArekPermissionStatus.swift in Sources */,
				F583E3901DD126CC0021EC8F /* ArekCamera.swift in Sources */,
				F583E3931DD126CC0021EC8F /* ArekHealth.swift in Sources */,
				F5DAC66F1DD4DAD200A9F27B /* ArekBaseLocationDelegate.swift in Sources */,
				F583E3921DD126CC0021EC8F /* ArekEvent.swift in Sources */,
				F583E39F1DD126DE0021EC8F /* ArekPermissionFrequency.swift in Sources */,
				F583E38E1DD126CC0021EC8F /* ArekBaseEvent.swift in Sources */,
				F583E3961DD126CC0021EC8F /* ArekMicrophone.swift in Sources */,
				F583E3A51DD127ED0021EC8F /* DemoViewController+Table.swift in Sources */,
				F583E3951DD126CC0021EC8F /* ArekLocationWhenInUse.swift in Sources */,
				F583E3A11DD126DE0021EC8F /* ArekPopupData.swift in Sources */,
				F583E3501DD1263C0021EC8F /* AppDelegate.swift in Sources */,
				F583E3981DD126CC0021EC8F /* ArekReminder.swift in Sources */,
				F583E3971DD126CC0021EC8F /* ArekPhoto.swift in Sources */,
				F5BC25301DD1CFDD00408F2F /* ArekNotifications.swift in Sources */,
			);
			runOnlyForDeploymentPostprocessing = 0;
		};
		F583E35C1DD1263C0021EC8F /* Sources */ = {
			isa = PBXSourcesBuildPhase;
			buildActionMask = 2147483647;
			files = (
				F583E3651DD1263C0021EC8F /* arekTests.swift in Sources */,
			);
			runOnlyForDeploymentPostprocessing = 0;
		};
		F583E3671DD1263C0021EC8F /* Sources */ = {
			isa = PBXSourcesBuildPhase;
			buildActionMask = 2147483647;
			files = (
				F583E3701DD1263C0021EC8F /* arekUITests.swift in Sources */,
			);
			runOnlyForDeploymentPostprocessing = 0;
		};
/* End PBXSourcesBuildPhase section */

/* Begin PBXTargetDependency section */
		F583E3621DD1263C0021EC8F /* PBXTargetDependency */ = {
			isa = PBXTargetDependency;
			target = F583E34B1DD1263C0021EC8F /* arek */;
			targetProxy = F583E3611DD1263C0021EC8F /* PBXContainerItemProxy */;
		};
		F583E36D1DD1263C0021EC8F /* PBXTargetDependency */ = {
			isa = PBXTargetDependency;
			target = F583E34B1DD1263C0021EC8F /* arek */;
			targetProxy = F583E36C1DD1263C0021EC8F /* PBXContainerItemProxy */;
		};
/* End PBXTargetDependency section */

/* Begin PBXVariantGroup section */
		F583E3581DD1263C0021EC8F /* LaunchScreen.storyboard */ = {
			isa = PBXVariantGroup;
			children = (
				F583E3591DD1263C0021EC8F /* Base */,
			);
			name = LaunchScreen.storyboard;
			sourceTree = "<group>";
		};
/* End PBXVariantGroup section */

/* Begin XCBuildConfiguration section */
		F583E3721DD1263C0021EC8F /* Debug */ = {
			isa = XCBuildConfiguration;
			buildSettings = {
				ALWAYS_SEARCH_USER_PATHS = NO;
				CLANG_ANALYZER_NONNULL = YES;
				CLANG_CXX_LANGUAGE_STANDARD = "gnu++0x";
				CLANG_CXX_LIBRARY = "libc++";
				CLANG_ENABLE_MODULES = YES;
				CLANG_ENABLE_OBJC_ARC = YES;
				CLANG_WARN_BOOL_CONVERSION = YES;
				CLANG_WARN_CONSTANT_CONVERSION = YES;
				CLANG_WARN_DIRECT_OBJC_ISA_USAGE = YES_ERROR;
				CLANG_WARN_DOCUMENTATION_COMMENTS = YES;
				CLANG_WARN_EMPTY_BODY = YES;
				CLANG_WARN_ENUM_CONVERSION = YES;
				CLANG_WARN_INFINITE_RECURSION = YES;
				CLANG_WARN_INT_CONVERSION = YES;
				CLANG_WARN_OBJC_ROOT_CLASS = YES_ERROR;
				CLANG_WARN_SUSPICIOUS_MOVES = YES;
				CLANG_WARN_UNREACHABLE_CODE = YES;
				CLANG_WARN__DUPLICATE_METHOD_MATCH = YES;
				"CODE_SIGN_IDENTITY[sdk=iphoneos*]" = "iPhone Developer";
				COPY_PHASE_STRIP = NO;
				DEBUG_INFORMATION_FORMAT = dwarf;
				ENABLE_STRICT_OBJC_MSGSEND = YES;
				ENABLE_TESTABILITY = YES;
				GCC_C_LANGUAGE_STANDARD = gnu99;
				GCC_DYNAMIC_NO_PIC = NO;
				GCC_NO_COMMON_BLOCKS = YES;
				GCC_OPTIMIZATION_LEVEL = 0;
				GCC_PREPROCESSOR_DEFINITIONS = (
					"DEBUG=1",
					"$(inherited)",
				);
				GCC_WARN_64_TO_32_BIT_CONVERSION = YES;
				GCC_WARN_ABOUT_RETURN_TYPE = YES_ERROR;
				GCC_WARN_UNDECLARED_SELECTOR = YES;
				GCC_WARN_UNINITIALIZED_AUTOS = YES_AGGRESSIVE;
				GCC_WARN_UNUSED_FUNCTION = YES;
				GCC_WARN_UNUSED_VARIABLE = YES;
				IPHONEOS_DEPLOYMENT_TARGET = 10.0;
				MTL_ENABLE_DEBUG_INFO = YES;
				ONLY_ACTIVE_ARCH = YES;
				SDKROOT = iphoneos;
				SWIFT_ACTIVE_COMPILATION_CONDITIONS = DEBUG;
				SWIFT_OPTIMIZATION_LEVEL = "-Onone";
			};
			name = Debug;
		};
		F583E3731DD1263C0021EC8F /* Release */ = {
			isa = XCBuildConfiguration;
			buildSettings = {
				ALWAYS_SEARCH_USER_PATHS = NO;
				CLANG_ANALYZER_NONNULL = YES;
				CLANG_CXX_LANGUAGE_STANDARD = "gnu++0x";
				CLANG_CXX_LIBRARY = "libc++";
				CLANG_ENABLE_MODULES = YES;
				CLANG_ENABLE_OBJC_ARC = YES;
				CLANG_WARN_BOOL_CONVERSION = YES;
				CLANG_WARN_CONSTANT_CONVERSION = YES;
				CLANG_WARN_DIRECT_OBJC_ISA_USAGE = YES_ERROR;
				CLANG_WARN_DOCUMENTATION_COMMENTS = YES;
				CLANG_WARN_EMPTY_BODY = YES;
				CLANG_WARN_ENUM_CONVERSION = YES;
				CLANG_WARN_INFINITE_RECURSION = YES;
				CLANG_WARN_INT_CONVERSION = YES;
				CLANG_WARN_OBJC_ROOT_CLASS = YES_ERROR;
				CLANG_WARN_SUSPICIOUS_MOVES = YES;
				CLANG_WARN_UNREACHABLE_CODE = YES;
				CLANG_WARN__DUPLICATE_METHOD_MATCH = YES;
				"CODE_SIGN_IDENTITY[sdk=iphoneos*]" = "iPhone Developer";
				COPY_PHASE_STRIP = NO;
				DEBUG_INFORMATION_FORMAT = "dwarf-with-dsym";
				ENABLE_NS_ASSERTIONS = NO;
				ENABLE_STRICT_OBJC_MSGSEND = YES;
				GCC_C_LANGUAGE_STANDARD = gnu99;
				GCC_NO_COMMON_BLOCKS = YES;
				GCC_WARN_64_TO_32_BIT_CONVERSION = YES;
				GCC_WARN_ABOUT_RETURN_TYPE = YES_ERROR;
				GCC_WARN_UNDECLARED_SELECTOR = YES;
				GCC_WARN_UNINITIALIZED_AUTOS = YES_AGGRESSIVE;
				GCC_WARN_UNUSED_FUNCTION = YES;
				GCC_WARN_UNUSED_VARIABLE = YES;
				IPHONEOS_DEPLOYMENT_TARGET = 10.0;
				MTL_ENABLE_DEBUG_INFO = NO;
				SDKROOT = iphoneos;
				SWIFT_OPTIMIZATION_LEVEL = "-Owholemodule";
				VALIDATE_PRODUCT = YES;
			};
			name = Release;
		};
		F583E3751DD1263C0021EC8F /* Debug */ = {
			isa = XCBuildConfiguration;
			baseConfigurationReference = FC18F7835191876242871760 /* Pods-arek.debug.xcconfig */;
			buildSettings = {
				ASSETCATALOG_COMPILER_APPICON_NAME = AppIcon;
				INFOPLIST_FILE = arek/Info.plist;
				LD_RUNPATH_SEARCH_PATHS = "$(inherited) @executable_path/Frameworks";
				PRODUCT_BUNDLE_IDENTIFIER = com.ennioma.arek;
				PRODUCT_NAME = "$(TARGET_NAME)";
				SWIFT_VERSION = 3.0;
			};
			name = Debug;
		};
		F583E3761DD1263C0021EC8F /* Release */ = {
			isa = XCBuildConfiguration;
			baseConfigurationReference = 5E0C1984F239ED0DD51CB1FD /* Pods-arek.release.xcconfig */;
			buildSettings = {
				ASSETCATALOG_COMPILER_APPICON_NAME = AppIcon;
				INFOPLIST_FILE = arek/Info.plist;
				LD_RUNPATH_SEARCH_PATHS = "$(inherited) @executable_path/Frameworks";
				PRODUCT_BUNDLE_IDENTIFIER = com.ennioma.arek;
				PRODUCT_NAME = "$(TARGET_NAME)";
				SWIFT_VERSION = 3.0;
			};
			name = Release;
		};
		F583E3781DD1263C0021EC8F /* Debug */ = {
			isa = XCBuildConfiguration;
			baseConfigurationReference = FBCEC4DEA08CA231DB8D7359 /* Pods-arekTests.debug.xcconfig */;
			buildSettings = {
				ALWAYS_EMBED_SWIFT_STANDARD_LIBRARIES = YES;
				BUNDLE_LOADER = "$(TEST_HOST)";
				INFOPLIST_FILE = arekTests/Info.plist;
				LD_RUNPATH_SEARCH_PATHS = "$(inherited) @executable_path/Frameworks @loader_path/Frameworks";
				PRODUCT_BUNDLE_IDENTIFIER = com.ennioma.arekTests;
				PRODUCT_NAME = "$(TARGET_NAME)";
				SWIFT_VERSION = 3.0;
				TEST_HOST = "$(BUILT_PRODUCTS_DIR)/arek.app/arek";
			};
			name = Debug;
		};
		F583E3791DD1263C0021EC8F /* Release */ = {
			isa = XCBuildConfiguration;
			baseConfigurationReference = 292BC92063C8E2E3F9946B2D /* Pods-arekTests.release.xcconfig */;
			buildSettings = {
				ALWAYS_EMBED_SWIFT_STANDARD_LIBRARIES = YES;
				BUNDLE_LOADER = "$(TEST_HOST)";
				INFOPLIST_FILE = arekTests/Info.plist;
				LD_RUNPATH_SEARCH_PATHS = "$(inherited) @executable_path/Frameworks @loader_path/Frameworks";
				PRODUCT_BUNDLE_IDENTIFIER = com.ennioma.arekTests;
				PRODUCT_NAME = "$(TARGET_NAME)";
				SWIFT_VERSION = 3.0;
				TEST_HOST = "$(BUILT_PRODUCTS_DIR)/arek.app/arek";
			};
			name = Release;
		};
		F583E37B1DD1263C0021EC8F /* Debug */ = {
			isa = XCBuildConfiguration;
			buildSettings = {
				ALWAYS_EMBED_SWIFT_STANDARD_LIBRARIES = YES;
				INFOPLIST_FILE = arekUITests/Info.plist;
				LD_RUNPATH_SEARCH_PATHS = "$(inherited) @executable_path/Frameworks @loader_path/Frameworks";
				PRODUCT_BUNDLE_IDENTIFIER = com.ennioma.arekUITests;
				PRODUCT_NAME = "$(TARGET_NAME)";
				SWIFT_VERSION = 3.0;
				TEST_TARGET_NAME = arek;
			};
			name = Debug;
		};
		F583E37C1DD1263C0021EC8F /* Release */ = {
			isa = XCBuildConfiguration;
			buildSettings = {
				ALWAYS_EMBED_SWIFT_STANDARD_LIBRARIES = YES;
				INFOPLIST_FILE = arekUITests/Info.plist;
				LD_RUNPATH_SEARCH_PATHS = "$(inherited) @executable_path/Frameworks @loader_path/Frameworks";
				PRODUCT_BUNDLE_IDENTIFIER = com.ennioma.arekUITests;
				PRODUCT_NAME = "$(TARGET_NAME)";
				SWIFT_VERSION = 3.0;
				TEST_TARGET_NAME = arek;
			};
			name = Release;
		};
/* End XCBuildConfiguration section */

/* Begin XCConfigurationList section */
		F583E3471DD1263C0021EC8F /* Build configuration list for PBXProject "arek" */ = {
			isa = XCConfigurationList;
			buildConfigurations = (
				F583E3721DD1263C0021EC8F /* Debug */,
				F583E3731DD1263C0021EC8F /* Release */,
			);
			defaultConfigurationIsVisible = 0;
			defaultConfigurationName = Release;
		};
		F583E3741DD1263C0021EC8F /* Build configuration list for PBXNativeTarget "arek" */ = {
			isa = XCConfigurationList;
			buildConfigurations = (
				F583E3751DD1263C0021EC8F /* Debug */,
				F583E3761DD1263C0021EC8F /* Release */,
			);
			defaultConfigurationIsVisible = 0;
			defaultConfigurationName = Release;
		};
		F583E3771DD1263C0021EC8F /* Build configuration list for PBXNativeTarget "arekTests" */ = {
			isa = XCConfigurationList;
			buildConfigurations = (
				F583E3781DD1263C0021EC8F /* Debug */,
				F583E3791DD1263C0021EC8F /* Release */,
			);
			defaultConfigurationIsVisible = 0;
			defaultConfigurationName = Release;
		};
		F583E37A1DD1263C0021EC8F /* Build configuration list for PBXNativeTarget "arekUITests" */ = {
			isa = XCConfigurationList;
			buildConfigurations = (
				F583E37B1DD1263C0021EC8F /* Debug */,
				F583E37C1DD1263C0021EC8F /* Release */,
			);
			defaultConfigurationIsVisible = 0;
			defaultConfigurationName = Release;
		};
/* End XCConfigurationList section */
	};
	rootObject = F583E3441DD1263C0021EC8F /* Project object */;
}
